
Microsoft Visual Studio Solution File, Format Version 12.00
# Visual Studio Version 16
VisualStudioVersion = 16.0.32126.315
MinimumVisualStudioVersion = 10.0.40219.1
Project("{FAE04EC0-301F-11D3-BF4B-00C04F79EFBC}") = "DATA_FIRST_APPROCH", "DATA_FIRST_APPROCH\DATA_FIRST_APPROCH.csproj", "{B0AC7DAC-E4D9-4CC2-BB20-2EC72C24435A}"
EndProject
Global
	GlobalSection(SolutionConfigurationPlatforms) = preSolution
		Debug|Any CPU = Debug|Any CPU
		Release|Any CPU = Release|Any CPU
	EndGlobalSection
	GlobalSection(ProjectConfigurationPlatforms) = postSolution
		{B0AC7DAC-E4D9-4CC2-BB20-2EC72C24435A}.Debug|Any CPU.ActiveCfg = Debug|Any CPU
		{B0AC7DAC-E4D9-4CC2-BB20-2EC72C24435A}.Debug|Any CPU.Build.0 = Debug|Any CPU
		{B0AC7DAC-E4D9-4CC2-BB20-2EC72C24435A}.Release|Any CPU.ActiveCfg = Release|Any CPU
		{B0AC7DAC-E4D9-4CC2-BB20-2EC72C24435A}.Release|Any CPU.Build.0 = Release|Any CPU
	EndGlobalSection
	GlobalSection(SolutionProperties) = preSolution
		HideSolutionNode = FALSE
	EndGlobalSection
	GlobalSection(ExtensibilityGlobals) = postSolution
		SolutionGuid = {58FA1405-FD7A-49A8-AB12-31F86B20762D}
	EndGlobalSection
EndGlobal
